
Microsoft Visual Studio Solution File, Format Version 12.00
# Visual Studio Version 16
VisualStudioVersion = 16.0.30002.166
MinimumVisualStudioVersion = 10.0.40219.1
Project("{FAE04EC0-301F-11D3-BF4B-00C04F79EFBC}") = "BrowserTestApp", "BrowserTestApp\BrowserTestApp.csproj", "{4381B2D8-4F22-4005-A875-CB5F8808DFEC}"
EndProject
Global
	GlobalSection(SolutionConfigurationPlatforms) = preSolution
		Debug|Any CPU = Debug|Any CPU
		Release|Any CPU = Release|Any CPU
	EndGlobalSection
	GlobalSection(ProjectConfigurationPlatforms) = postSolution
		{4381B2D8-4F22-4005-A875-CB5F8808DFEC}.Debug|Any CPU.ActiveCfg = Debug|Any CPU
		{4381B2D8-4F22-4005-A875-CB5F8808DFEC}.Debug|Any CPU.Build.0 = Debug|Any CPU
		{4381B2D8-4F22-4005-A875-CB5F8808DFEC}.Release|Any CPU.ActiveCfg = Release|Any CPU
		{4381B2D8-4F22-4005-A875-CB5F8808DFEC}.Release|Any CPU.Build.0 = Release|Any CPU
	EndGlobalSection
	GlobalSection(SolutionProperties) = preSolution
		HideSolutionNode = FALSE
	EndGlobalSection
	GlobalSection(ExtensibilityGlobals) = postSolution
		SolutionGuid = {2A50D94C-D9F6-45A6-A621-645141B03D86}
	EndGlobalSection
EndGlobal
